
Microsoft Visual Studio Solution File, Format Version 12.00
# Visual Studio Version 17
VisualStudioVersion = 17.8.34330.188
MinimumVisualStudioVersion = 10.0.40219.1
Project("{9A19103F-16F7-4668-BE54-9A1E7A4F7556}") = "Web", "Web\Web.csproj", "{57F1FA55-EBEE-4A66-869E-977F6CDCF0E8}"
EndProject
Project("{9A19103F-16F7-4668-BE54-9A1E7A4F7556}") = "Api", "Api\Api.csproj", "{93B405BD-F622-4FE2-AB90-DA9A72A1ADD5}"
EndProject
Global
	GlobalSection(SolutionConfigurationPlatforms) = preSolution
		Debug|Any CPU = Debug|Any CPU
		Release|Any CPU = Release|Any CPU
	EndGlobalSection
	GlobalSection(ProjectConfigurationPlatforms) = postSolution
		{57F1FA55-EBEE-4A66-869E-977F6CDCF0E8}.Debug|Any CPU.ActiveCfg = Debug|Any CPU
		{57F1FA55-EBEE-4A66-869E-977F6CDCF0E8}.Debug|Any CPU.Build.0 = Debug|Any CPU
		{57F1FA55-EBEE-4A66-869E-977F6CDCF0E8}.Release|Any CPU.ActiveCfg = Release|Any CPU
		{57F1FA55-EBEE-4A66-869E-977F6CDCF0E8}.Release|Any CPU.Build.0 = Release|Any CPU
		{93B405BD-F622-4FE2-AB90-DA9A72A1ADD5}.Debug|Any CPU.ActiveCfg = Debug|Any CPU
		{93B405BD-F622-4FE2-AB90-DA9A72A1ADD5}.Debug|Any CPU.Build.0 = Debug|Any CPU
		{93B405BD-F622-4FE2-AB90-DA9A72A1ADD5}.Release|Any CPU.ActiveCfg = Release|Any CPU
		{93B405BD-F622-4FE2-AB90-DA9A72A1ADD5}.Release|Any CPU.Build.0 = Release|Any CPU
	EndGlobalSection
	GlobalSection(SolutionProperties) = preSolution
		HideSolutionNode = FALSE
	EndGlobalSection
	GlobalSection(ExtensibilityGlobals) = postSolution
		SolutionGuid = {32D72FE5-3039-412F-AD73-BBF795776CE4}
	EndGlobalSection
EndGlobal
